Microsoft Visual Studio Solution File, Format Version 12.00
# Visual Studio 2012
Project("{FAE04EC0-301F-11D3-BF4B-00C04F79EFBC}") = "BrackeysPlatformer", "BrackeysPlatformer.csproj", "{044B3E06-921C-4FC3-BD07-2E91C740ACDF}"
EndProject
Global
	GlobalSection(SolutionConfigurationPlatforms) = preSolution
	Debug|Any CPU = Debug|Any CPU
	ExportDebug|Any CPU = ExportDebug|Any CPU
	ExportRelease|Any CPU = ExportRelease|Any CPU
	EndGlobalSection
	GlobalSection(ProjectConfigurationPlatforms) = postSolution
		{044B3E06-921C-4FC3-BD07-2E91C740ACDF}.Debug|Any CPU.ActiveCfg = Debug|Any CPU
		{044B3E06-921C-4FC3-BD07-2E91C740ACDF}.Debug|Any CPU.Build.0 = Debug|Any CPU
		{044B3E06-921C-4FC3-BD07-2E91C740ACDF}.ExportDebug|Any CPU.ActiveCfg = ExportDebug|Any CPU
		{044B3E06-921C-4FC3-BD07-2E91C740ACDF}.ExportDebug|Any CPU.Build.0 = ExportDebug|Any CPU
		{044B3E06-921C-4FC3-BD07-2E91C740ACDF}.ExportRelease|Any CPU.ActiveCfg = ExportRelease|Any CPU
		{044B3E06-921C-4FC3-BD07-2E91C740ACDF}.ExportRelease|Any CPU.Build.0 = ExportRelease|Any CPU
	EndGlobalSection
EndGlobal
